
Microsoft Visual Studio Solution File, Format Version 12.00
# Visual Studio Version 16
VisualStudioVersion = 16.0.31424.327
MinimumVisualStudioVersion = 10.0.40219.1
Project("{8BC9CEB8-8B4A-11D0-8D11-00A0C91BC942}") = "C++技术体系", "C++技术体系\C++技术体系.vcxproj", "{3D769902-4545-4FA6-85DD-C61ADC7CA740}"
EndProject
Project("{8BC9CEB8-8B4A-11D0-8D11-00A0C91BC942}") = "01.输入输出", "1.输入输出\1.输入输出.vcxproj", "{7BE8D662-F1E6-4ED1-8559-048CA6DF64BC}"
EndProject
Project("{8BC9CEB8-8B4A-11D0-8D11-00A0C91BC942}") = "02.动态申请空间", "2.动态申请空间\2.动态申请空间.vcxproj", "{7ED13FB4-26DB-4568-BBD9-1CB71AC31E40}"
EndProject
Project("{8BC9CEB8-8B4A-11D0-8D11-00A0C91BC942}") = "03.函数重载", "03.函数重载\03.函数重载.vcxproj", "{7D7A93EF-37F4-4EE1-9767-43AD33840530}"
EndProject
Project("{8BC9CEB8-8B4A-11D0-8D11-00A0C91BC942}") = "04.类", "04.类\04.类.vcxproj", "{43D26969-8035-4408-A8AA-15622A42D0ED}"
EndProject
Project("{8BC9CEB8-8B4A-11D0-8D11-00A0C91BC942}") = "斐波那契", "斐波那契\斐波那契.vcxproj", "{C491B14B-B552-4CA8-907F-FA61B6E5423A}"
EndProject
Project("{8BC9CEB8-8B4A-11D0-8D11-00A0C91BC942}") = "05.构造-析构", "05.构造-析构\05.构造-析构.vcxproj", "{F4C45570-A2FF-4A6D-A9BD-F1B77D134798}"
EndProject
Project("{8BC9CEB8-8B4A-11D0-8D11-00A0C91BC942}") = "06.mali", "06.mail\06.mail.vcxproj", "{93A5C3D8-7FCB-4043-B601-BC61A4135A82}"
EndProject
Project("{8BC9CEB8-8B4A-11D0-8D11-00A0C91BC942}") = "07.类成员", "类成员\类成员.vcxproj", "{D496E877-81EC-43BF-BFA5-93F51E8CF629}"
EndProject
Project("{8BC9CEB8-8B4A-11D0-8D11-00A0C91BC942}") = "test", "test\test.vcxproj", "{D374ABBD-2014-443A-BE62-2C2D2F2C4139}"
EndProject
Project("{8BC9CEB8-8B4A-11D0-8D11-00A0C91BC942}") = "08.类之间的关系", "08.类之间的关系\08.类之间的关系.vcxproj", "{12BD59EA-D7BD-4738-AC06-7BC428A4C752}"
EndProject
Project("{8BC9CEB8-8B4A-11D0-8D11-00A0C91BC942}") = "09.继承", "09.继承\09.继承.vcxproj", "{AE52E9CB-500A-45C9-9077-AA5C17C6FEB6}"
EndProject
Project("{8BC9CEB8-8B4A-11D0-8D11-00A0C91BC942}") = "10.多态", "10.多态\10.多态.vcxproj", "{AB422FBD-FC33-4368-8C33-200A8DF8CDA4}"
EndProject
Project("{8BC9CEB8-8B4A-11D0-8D11-00A0C91BC942}") = "11.多态2", "11.多态2\11.多态2.vcxproj", "{52D00188-071F-44F9-A765-734164E38295}"
EndProject
Project("{8BC9CEB8-8B4A-11D0-8D11-00A0C91BC942}") = "12.探索程序", "13.探索程序\13.探索程序.vcxproj", "{98891568-7FB4-4DCA-BB79-BF6E06B53F70}"
EndProject
Project("{8BC9CEB8-8B4A-11D0-8D11-00A0C91BC942}") = "13.头文件重复包含", "13.头文件重复包含\13.头文件重复包含.vcxproj", "{0A06FECB-3A85-4F9B-BF18-20D430368B0E}"
EndProject
Project("{8BC9CEB8-8B4A-11D0-8D11-00A0C91BC942}") = "14.编译器-运行期", "14.编译器-运行期\14.编译器-运行期.vcxproj", "{76B814D7-438A-456A-A6A0-67F635B531CB}"
EndProject
Project("{8BC9CEB8-8B4A-11D0-8D11-00A0C91BC942}") = "15.宏", "15.宏\15.宏.vcxproj", "{5462261E-D15C-4520-BCAC-9DC98D5CBF36}"
EndProject
Project("{8BC9CEB8-8B4A-11D0-8D11-00A0C91BC942}") = "16.重载操作符", "16.重载操作符\16.重载操作符.vcxproj", "{094A1F79-AAC9-4DE4-9999-6C89BA06ECB6}"
EndProject
Project("{8BC9CEB8-8B4A-11D0-8D11-00A0C91BC942}") = "17.宠物小屋开发", "17.宠物小屋开发\17.宠物小屋开发.vcxproj", "{4FEB0DF5-3F33-4020-8F5E-2AD7C85FDD49}"
EndProject
Project("{8BC9CEB8-8B4A-11D0-8D11-00A0C91BC942}") = "18.map", "18.map\18.map.vcxproj", "{2CCC6BEA-3BC9-4EBA-A3FD-CF4B193D3101}"
EndProject
Project("{8BC9CEB8-8B4A-11D0-8D11-00A0C91BC942}") = "20.GameFrame", "20.GameFrame\20.GameFrame.vcxproj", "{19598164-7295-4747-BB98-31A445703981}"
EndProject
Project("{8BC9CEB8-8B4A-11D0-8D11-00A0C91BC942}") = "23.飞机大战开发", "23.飞机大战开发\23.飞机大战开发.vcxproj", "{D1DE19FC-0BD3-4F18-86B9-F856EC792699}"
EndProject
Project("{8BC9CEB8-8B4A-11D0-8D11-00A0C91BC942}") = "26.拷贝构造", "26.拷贝构造\26.拷贝构造.vcxproj", "{C516F0E1-CF83-4CF9-AD3A-60ED12CB98E0}"
EndProject
Project("{8BC9CEB8-8B4A-11D0-8D11-00A0C91BC942}") = "27.设计模式", "27\27.vcxproj", "{AD78FA6A-27B1-42EA-83AE-43F554FFF6FB}"
EndProject
Project("{8BC9CEB8-8B4A-11D0-8D11-00A0C91BC942}") = "28.模板", "28.模板\28.模板.vcxproj", "{4CAF3344-F5A8-48AA-BBA8-6B483A55F44E}"
EndProject
Project("{8BC9CEB8-8B4A-11D0-8D11-00A0C91BC942}") = "五子棋", "五子棋\五子棋.vcxproj", "{C4A51BFB-083A-4EB6-A3DB-F698155A5651}"
EndProject
Project("{8BC9CEB8-8B4A-11D0-8D11-00A0C91BC942}") = "29.STL", "29.STL\29.STL.vcxproj", "{6859633D-E95E-4A40-B021-F974D5282091}"
EndProject
Project("{8BC9CEB8-8B4A-11D0-8D11-00A0C91BC942}") = "后裔射日", "后裔射日\后裔射日\后裔射日.vcxproj", "{8EE03A12-2772-4826-81EE-769D6E8A08E2}"
EndProject
Project("{8BC9CEB8-8B4A-11D0-8D11-00A0C91BC942}") = "游戏test1", "游戏test1(1)\游戏test1\游戏test1.vcxproj", "{32F9B0F3-5CF0-4952-BEF5-B91C75AC2863}"
EndProject
Global
	GlobalSection(SolutionConfigurationPlatforms) = preSolution
		Debug|x64 = Debug|x64
		Debug|x86 = Debug|x86
		Release|x64 = Release|x64
		Release|x86 = Release|x86
	EndGlobalSection
	GlobalSection(ProjectConfigurationPlatforms) = postSolution
		{3D769902-4545-4FA6-85DD-C61ADC7CA740}.Debug|x64.ActiveCfg = Debug|x64
		{3D769902-4545-4FA6-85DD-C61ADC7CA740}.Debug|x64.Build.0 = Debug|x64
		{3D769902-4545-4FA6-85DD-C61ADC7CA740}.Debug|x86.ActiveCfg = Debug|Win32
		{3D769902-4545-4FA6-85DD-C61ADC7CA740}.Debug|x86.Build.0 = Debug|Win32
		{3D769902-4545-4FA6-85DD-C61ADC7CA740}.Release|x64.ActiveCfg = Release|x64
		{3D769902-4545-4FA6-85DD-C61ADC7CA740}.Release|x64.Build.0 = Release|x64
		{3D769902-4545-4FA6-85DD-C61ADC7CA740}.Release|x86.ActiveCfg = Release|Win32
		{3D769902-4545-4FA6-85DD-C61ADC7CA740}.Release|x86.Build.0 = Release|Win32
		{7BE8D662-F1E6-4ED1-8559-048CA6DF64BC}.Debug|x64.ActiveCfg = Debug|x64
		{7BE8D662-F1E6-4ED1-8559-048CA6DF64BC}.Debug|x64.Build.0 = Debug|x64
		{7BE8D662-F1E6-4ED1-8559-048CA6DF64BC}.Debug|x86.ActiveCfg = Debug|Win32
		{7BE8D662-F1E6-4ED1-8559-048CA6DF64BC}.Debug|x86.Build.0 = Debug|Win32
		{7BE8D662-F1E6-4ED1-8559-048CA6DF64BC}.Release|x64.ActiveCfg = Release|x64
		{7BE8D662-F1E6-4ED1-8559-048CA6DF64BC}.Release|x64.Build.0 = Release|x64
		{7BE8D662-F1E6-4ED1-8559-048CA6DF64BC}.Release|x86.ActiveCfg = Release|Win32
		{7BE8D662-F1E6-4ED1-8559-048CA6DF64BC}.Release|x86.Build.0 = Release|Win32
		{7ED13FB4-26DB-4568-BBD9-1CB71AC31E40}.Debug|x64.ActiveCfg = Debug|x64
		{7ED13FB4-26DB-4568-BBD9-1CB71AC31E40}.Debug|x64.Build.0 = Debug|x64
		{7ED13FB4-26DB-4568-BBD9-1CB71AC31E40}.Debug|x86.ActiveCfg = Debug|Win32
		{7ED13FB4-26DB-4568-BBD9-1CB71AC31E40}.Debug|x86.Build.0 = Debug|Win32
		{7ED13FB4-26DB-4568-BBD9-1CB71AC31E40}.Release|x64.ActiveCfg = Release|x64
		{7ED13FB4-26DB-4568-BBD9-1CB71AC31E40}.Release|x64.Build.0 = Release|x64
		{7ED13FB4-26DB-4568-BBD9-1CB71AC31E40}.Release|x86.ActiveCfg = Release|Win32
		{7ED13FB4-26DB-4568-BBD9-1CB71AC31E40}.Release|x86.Build.0 = Release|Win32
		{7D7A93EF-37F4-4EE1-9767-43AD33840530}.Debug|x64.ActiveCfg = Debug|x64
		{7D7A93EF-37F4-4EE1-9767-43AD33840530}.Debug|x64.Build.0 = Debug|x64
		{7D7A93EF-37F4-4EE1-9767-43AD33840530}.Debug|x86.ActiveCfg = Debug|Win32
		{7D7A93EF-37F4-4EE1-9767-43AD33840530}.Debug|x86.Build.0 = Debug|Win32
		{7D7A93EF-37F4-4EE1-9767-43AD33840530}.Release|x64.ActiveCfg = Release|x64
		{7D7A93EF-37F4-4EE1-9767-43AD33840530}.Release|x64.Build.0 = Release|x64
		{7D7A93EF-37F4-4EE1-9767-43AD33840530}.Release|x86.ActiveCfg = Release|Win32
		{7D7A93EF-37F4-4EE1-9767-43AD33840530}.Release|x86.Build.0 = Release|Win32
		{43D26969-8035-4408-A8AA-15622A42D0ED}.Debug|x64.ActiveCfg = Debug|x64
		{43D26969-8035-4408-A8AA-15622A42D0ED}.Debug|x64.Build.0 = Debug|x64
		{43D26969-8035-4408-A8AA-15622A42D0ED}.Debug|x86.ActiveCfg = Debug|Win32
		{43D26969-8035-4408-A8AA-15622A42D0ED}.Debug|x86.Build.0 = Debug|Win32
		{43D26969-8035-4408-A8AA-15622A42D0ED}.Release|x64.ActiveCfg = Release|x64
		{43D26969-8035-4408-A8AA-15622A42D0ED}.Release|x64.Build.0 = Release|x64
		{43D26969-8035-4408-A8AA-15622A42D0ED}.Release|x86.ActiveCfg = Release|Win32
		{43D26969-8035-4408-A8AA-15622A42D0ED}.Release|x86.Build.0 = Release|Win32
		{C491B14B-B552-4CA8-907F-FA61B6E5423A}.Debug|x64.ActiveCfg = Debug|x64
		{C491B14B-B552-4CA8-907F-FA61B6E5423A}.Debug|x64.Build.0 = Debug|x64
		{C491B14B-B552-4CA8-907F-FA61B6E5423A}.Debug|x86.ActiveCfg = Debug|Win32
		{C491B14B-B552-4CA8-907F-FA61B6E5423A}.Debug|x86.Build.0 = Debug|Win32
		{C491B14B-B552-4CA8-907F-FA61B6E5423A}.Release|x64.ActiveCfg = Release|x64
		{C491B14B-B552-4CA8-907F-FA61B6E5423A}.Release|x64.Build.0 = Release|x64
		{C491B14B-B552-4CA8-907F-FA61B6E5423A}.Release|x86.ActiveCfg = Release|Win32
		{C491B14B-B552-4CA8-907F-FA61B6E5423A}.Release|x86.Build.0 = Release|Win32
		{F4C45570-A2FF-4A6D-A9BD-F1B77D134798}.Debug|x64.ActiveCfg = Debug|x64
		{F4C45570-A2FF-4A6D-A9BD-F1B77D134798}.Debug|x64.Build.0 = Debug|x64
		{F4C45570-A2FF-4A6D-A9BD-F1B77D134798}.Debug|x86.ActiveCfg = Debug|Win32
		{F4C45570-A2FF-4A6D-A9BD-F1B77D134798}.Debug|x86.Build.0 = Debug|Win32
		{F4C45570-A2FF-4A6D-A9BD-F1B77D134798}.Release|x64.ActiveCfg = Release|x64
		{F4C45570-A2FF-4A6D-A9BD-F1B77D134798}.Release|x64.Build.0 = Release|x64
		{F4C45570-A2FF-4A6D-A9BD-F1B77D134798}.Release|x86.ActiveCfg = Release|Win32
		{F4C45570-A2FF-4A6D-A9BD-F1B77D134798}.Release|x86.Build.0 = Release|Win32
		{93A5C3D8-7FCB-4043-B601-BC61A4135A82}.Debug|x64.ActiveCfg = Debug|x64
		{93A5C3D8-7FCB-4043-B601-BC61A4135A82}.Debug|x64.Build.0 = Debug|x64
		{93A5C3D8-7FCB-4043-B601-BC61A4135A82}.Debug|x86.ActiveCfg = Debug|Win32
		{93A5C3D8-7FCB-4043-B601-BC61A4135A82}.Debug|x86.Build.0 = Debug|Win32
		{93A5C3D8-7FCB-4043-B601-BC61A4135A82}.Release|x64.ActiveCfg = Release|x64
		{93A5C3D8-7FCB-4043-B601-BC61A4135A82}.Release|x64.Build.0 = Release|x64
		{93A5C3D8-7FCB-4043-B601-BC61A4135A82}.Release|x86.ActiveCfg = Release|Win32
		{93A5C3D8-7FCB-4043-B601-BC61A4135A82}.Release|x86.Build.0 = Release|Win32
		{D496E877-81EC-43BF-BFA5-93F51E8CF629}.Debug|x64.ActiveCfg = Debug|x64
		{D496E877-81EC-43BF-BFA5-93F51E8CF629}.Debug|x64.Build.0 = Debug|x64
		{D496E877-81EC-43BF-BFA5-93F51E8CF629}.Debug|x86.ActiveCfg = Debug|Win32
		{D496E877-81EC-43BF-BFA5-93F51E8CF629}.Debug|x86.Build.0 = Debug|Win32
		{D496E877-81EC-43BF-BFA5-93F51E8CF629}.Release|x64.ActiveCfg = Release|x64
		{D496E877-81EC-43BF-BFA5-93F51E8CF629}.Release|x64.Build.0 = Release|x64
		{D496E877-81EC-43BF-BFA5-93F51E8CF629}.Release|x86.ActiveCfg = Release|Win32
		{D496E877-81EC-43BF-BFA5-93F51E8CF629}.Release|x86.Build.0 = Release|Win32
		{D374ABBD-2014-443A-BE62-2C2D2F2C4139}.Debug|x64.ActiveCfg = Debug|x64
		{D374ABBD-2014-443A-BE62-2C2D2F2C4139}.Debug|x64.Build.0 = Debug|x64
		{D374ABBD-2014-443A-BE62-2C2D2F2C4139}.Debug|x86.ActiveCfg = Debug|Win32
		{D374ABBD-2014-443A-BE62-2C2D2F2C4139}.Debug|x86.Build.0 = Debug|Win32
		{D374ABBD-2014-443A-BE62-2C2D2F2C4139}.Release|x64.ActiveCfg = Release|x64
		{D374ABBD-2014-443A-BE62-2C2D2F2C4139}.Release|x64.Build.0 = Release|x64
		{D374ABBD-2014-443A-BE62-2C2D2F2C4139}.Release|x86.ActiveCfg = Release|Win32
		{D374ABBD-2014-443A-BE62-2C2D2F2C4139}.Release|x86.Build.0 = Release|Win32
		{12BD59EA-D7BD-4738-AC06-7BC428A4C752}.Debug|x64.ActiveCfg = Debug|x64
		{12BD59EA-D7BD-4738-AC06-7BC428A4C752}.Debug|x64.Build.0 = Debug|x64
		{12BD59EA-D7BD-4738-AC06-7BC428A4C752}.Debug|x86.ActiveCfg = Debug|Win32
		{12BD59EA-D7BD-4738-AC06-7BC428A4C752}.Debug|x86.Build.0 = Debug|Win32
		{12BD59EA-D7BD-4738-AC06-7BC428A4C752}.Release|x64.ActiveCfg = Release|x64
		{12BD59EA-D7BD-4738-AC06-7BC428A4C752}.Release|x64.Build.0 = Release|x64
		{12BD59EA-D7BD-4738-AC06-7BC428A4C752}.Release|x86.ActiveCfg = Release|Win32
		{12BD59EA-D7BD-4738-AC06-7BC428A4C752}.Release|x86.Build.0 = Release|Win32
		{AE52E9CB-500A-45C9-9077-AA5C17C6FEB6}.Debug|x64.ActiveCfg = Debug|x64
		{AE52E9CB-500A-45C9-9077-AA5C17C6FEB6}.Debug|x64.Build.0 = Debug|x64
		{AE52E9CB-500A-45C9-9077-AA5C17C6FEB6}.Debug|x86.ActiveCfg = Debug|Win32
		{AE52E9CB-500A-45C9-9077-AA5C17C6FEB6}.Debug|x86.Build.0 = Debug|Win32
		{AE52E9CB-500A-45C9-9077-AA5C17C6FEB6}.Release|x64.ActiveCfg = Release|x64
		{AE52E9CB-500A-45C9-9077-AA5C17C6FEB6}.Release|x64.Build.0 = Release|x64
		{AE52E9CB-500A-45C9-9077-AA5C17C6FEB6}.Release|x86.ActiveCfg = Release|Win32
		{AE52E9CB-500A-45C9-9077-AA5C17C6FEB6}.Release|x86.Build.0 = Release|Win32
		{AB422FBD-FC33-4368-8C33-200A8DF8CDA4}.Debug|x64.ActiveCfg = Debug|x64
		{AB422FBD-FC33-4368-8C33-200A8DF8CDA4}.Debug|x64.Build.0 = Debug|x64
		{AB422FBD-FC33-4368-8C33-200A8DF8CDA4}.Debug|x86.ActiveCfg = Debug|Win32
		{AB422FBD-FC33-4368-8C33-200A8DF8CDA4}.Debug|x86.Build.0 = Debug|Win32
		{AB422FBD-FC33-4368-8C33-200A8DF8CDA4}.Release|x64.ActiveCfg = Release|x64
		{AB422FBD-FC33-4368-8C33-200A8DF8CDA4}.Release|x64.Build.0 = Release|x64
		{AB422FBD-FC33-4368-8C33-200A8DF8CDA4}.Release|x86.ActiveCfg = Release|Win32
		{AB422FBD-FC33-4368-8C33-200A8DF8CDA4}.Release|x86.Build.0 = Release|Win32
		{52D00188-071F-44F9-A765-734164E38295}.Debug|x64.ActiveCfg = Debug|x64
		{52D00188-071F-44F9-A765-734164E38295}.Debug|x64.Build.0 = Debug|x64
		{52D00188-071F-44F9-A765-734164E38295}.Debug|x86.ActiveCfg = Debug|Win32
		{52D00188-071F-44F9-A765-734164E38295}.Debug|x86.Build.0 = Debug|Win32
		{52D00188-071F-44F9-A765-734164E38295}.Release|x64.ActiveCfg = Release|x64
		{52D00188-071F-44F9-A765-734164E38295}.Release|x64.Build.0 = Release|x64
		{52D00188-071F-44F9-A765-734164E38295}.Release|x86.ActiveCfg = Release|Win32
		{52D00188-071F-44F9-A765-734164E38295}.Release|x86.Build.0 = Release|Win32
		{98891568-7FB4-4DCA-BB79-BF6E06B53F70}.Debug|x64.ActiveCfg = Debug|x64
		{98891568-7FB4-4DCA-BB79-BF6E06B53F70}.Debug|x64.Build.0 = Debug|x64
		{98891568-7FB4-4DCA-BB79-BF6E06B53F70}.Debug|x86.ActiveCfg = Debug|Win32
		{98891568-7FB4-4DCA-BB79-BF6E06B53F70}.Debug|x86.Build.0 = Debug|Win32
		{98891568-7FB4-4DCA-BB79-BF6E06B53F70}.Release|x64.ActiveCfg = Release|x64
		{98891568-7FB4-4DCA-BB79-BF6E06B53F70}.Release|x64.Build.0 = Release|x64
		{98891568-7FB4-4DCA-BB79-BF6E06B53F70}.Release|x86.ActiveCfg = Release|Win32
		{98891568-7FB4-4DCA-BB79-BF6E06B53F70}.Release|x86.Build.0 = Release|Win32
		{0A06FECB-3A85-4F9B-BF18-20D430368B0E}.Debug|x64.ActiveCfg = Debug|x64
		{0A06FECB-3A85-4F9B-BF18-20D430368B0E}.Debug|x64.Build.0 = Debug|x64
		{0A06FECB-3A85-4F9B-BF18-20D430368B0E}.Debug|x86.ActiveCfg = Debug|Win32
		{0A06FECB-3A85-4F9B-BF18-20D430368B0E}.Debug|x86.Build.0 = Debug|Win32
		{0A06FECB-3A85-4F9B-BF18-20D430368B0E}.Release|x64.ActiveCfg = Release|x64
		{0A06FECB-3A85-4F9B-BF18-20D430368B0E}.Release|x64.Build.0 = Release|x64
		{0A06FECB-3A85-4F9B-BF18-20D430368B0E}.Release|x86.ActiveCfg = Release|Win32
		{0A06FECB-3A85-4F9B-BF18-20D430368B0E}.Release|x86.Build.0 = Release|Win32
		{76B814D7-438A-456A-A6A0-67F635B531CB}.Debug|x64.ActiveCfg = Debug|x64
		{76B814D7-438A-456A-A6A0-67F635B531CB}.Debug|x64.Build.0 = Debug|x64
		{76B814D7-438A-456A-A6A0-67F635B531CB}.Debug|x86.ActiveCfg = Debug|Win32
		{76B814D7-438A-456A-A6A0-67F635B531CB}.Debug|x86.Build.0 = Debug|Win32
		{76B814D7-438A-456A-A6A0-67F635B531CB}.Release|x64.ActiveCfg = Release|x64
		{76B814D7-438A-456A-A6A0-67F635B531CB}.Release|x64.Build.0 = Release|x64
		{76B814D7-438A-456A-A6A0-67F635B531CB}.Release|x86.ActiveCfg = Release|Win32
		{76B814D7-438A-456A-A6A0-67F635B531CB}.Release|x86.Build.0 = Release|Win32
		{5462261E-D15C-4520-BCAC-9DC98D5CBF36}.Debug|x64.ActiveCfg = Debug|x64
		{5462261E-D15C-4520-BCAC-9DC98D5CBF36}.Debug|x64.Build.0 = Debug|x64
		{5462261E-D15C-4520-BCAC-9DC98D5CBF36}.Debug|x86.ActiveCfg = Debug|Win32
		{5462261E-D15C-4520-BCAC-9DC98D5CBF36}.Debug|x86.Build.0 = Debug|Win32
		{5462261E-D15C-4520-BCAC-9DC98D5CBF36}.Release|x64.ActiveCfg = Release|x64
		{5462261E-D15C-4520-BCAC-9DC98D5CBF36}.Release|x64.Build.0 = Release|x64
		{5462261E-D15C-4520-BCAC-9DC98D5CBF36}.Release|x86.ActiveCfg = Release|Win32
		{5462261E-D15C-4520-BCAC-9DC98D5CBF36}.Release|x86.Build.0 = Release|Win32
		{094A1F79-AAC9-4DE4-9999-6C89BA06ECB6}.Debug|x64.ActiveCfg = Debug|x64
		{094A1F79-AAC9-4DE4-9999-6C89BA06ECB6}.Debug|x64.Build.0 = Debug|x64
		{094A1F79-AAC9-4DE4-9999-6C89BA06ECB6}.Debug|x86.ActiveCfg = Debug|Win32
		{094A1F79-AAC9-4DE4-9999-6C89BA06ECB6}.Debug|x86.Build.0 = Debug|Win32
		{094A1F79-AAC9-4DE4-9999-6C89BA06ECB6}.Release|x64.ActiveCfg = Release|x64
		{094A1F79-AAC9-4DE4-9999-6C89BA06ECB6}.Release|x64.Build.0 = Release|x64
		{094A1F79-AAC9-4DE4-9999-6C89BA06ECB6}.Release|x86.ActiveCfg = Release|Win32
		{094A1F79-AAC9-4DE4-9999-6C89BA06ECB6}.Release|x86.Build.0 = Release|Win32
		{4FEB0DF5-3F33-4020-8F5E-2AD7C85FDD49}.Debug|x64.ActiveCfg = Debug|x64
		{4FEB0DF5-3F33-4020-8F5E-2AD7C85FDD49}.Debug|x64.Build.0 = Debug|x64
		{4FEB0DF5-3F33-4020-8F5E-2AD7C85FDD49}.Debug|x86.ActiveCfg = Debug|Win32
		{4FEB0DF5-3F33-4020-8F5E-2AD7C85FDD49}.Debug|x86.Build.0 = Debug|Win32
		{4FEB0DF5-3F33-4020-8F5E-2AD7C85FDD49}.Release|x64.ActiveCfg = Release|x64
		{4FEB0DF5-3F33-4020-8F5E-2AD7C85FDD49}.Release|x64.Build.0 = Release|x64
		{4FEB0DF5-3F33-4020-8F5E-2AD7C85FDD49}.Release|x86.ActiveCfg = Release|Win32
		{4FEB0DF5-3F33-4020-8F5E-2AD7C85FDD49}.Release|x86.Build.0 = Release|Win32
		{2CCC6BEA-3BC9-4EBA-A3FD-CF4B193D3101}.Debug|x64.ActiveCfg = Debug|x64
		{2CCC6BEA-3BC9-4EBA-A3FD-CF4B193D3101}.Debug|x64.Build.0 = Debug|x64
		{2CCC6BEA-3BC9-4EBA-A3FD-CF4B193D3101}.Debug|x86.ActiveCfg = Debug|Win32
		{2CCC6BEA-3BC9-4EBA-A3FD-CF4B193D3101}.Debug|x86.Build.0 = Debug|Win32
		{2CCC6BEA-3BC9-4EBA-A3FD-CF4B193D3101}.Release|x64.ActiveCfg = Release|x64
		{2CCC6BEA-3BC9-4EBA-A3FD-CF4B193D3101}.Release|x64.Build.0 = Release|x64
		{2CCC6BEA-3BC9-4EBA-A3FD-CF4B193D3101}.Release|x86.ActiveCfg = Release|Win32
		{2CCC6BEA-3BC9-4EBA-A3FD-CF4B193D3101}.Release|x86.Build.0 = Release|Win32
		{19598164-7295-4747-BB98-31A445703981}.Debug|x64.ActiveCfg = Debug|x64
		{19598164-7295-4747-BB98-31A445703981}.Debug|x64.Build.0 = Debug|x64
		{19598164-7295-4747-BB98-31A445703981}.Debug|x86.ActiveCfg = Debug|Win32
		{19598164-7295-4747-BB98-31A445703981}.Debug|x86.Build.0 = Debug|Win32
		{19598164-7295-4747-BB98-31A445703981}.Release|x64.ActiveCfg = Release|x64
		{19598164-7295-4747-BB98-31A445703981}.Release|x64.Build.0 = Release|x64
		{19598164-7295-4747-BB98-31A445703981}.Release|x86.ActiveCfg = Release|Win32
		{19598164-7295-4747-BB98-31A445703981}.Release|x86.Build.0 = Release|Win32
		{D1DE19FC-0BD3-4F18-86B9-F856EC792699}.Debug|x64.ActiveCfg = Debug|x64
		{D1DE19FC-0BD3-4F18-86B9-F856EC792699}.Debug|x64.Build.0 = Debug|x64
		{D1DE19FC-0BD3-4F18-86B9-F856EC792699}.Debug|x86.ActiveCfg = Debug|Win32
		{D1DE19FC-0BD3-4F18-86B9-F856EC792699}.Debug|x86.Build.0 = Debug|Win32
		{D1DE19FC-0BD3-4F18-86B9-F856EC792699}.Release|x64.ActiveCfg = Release|x64
		{D1DE19FC-0BD3-4F18-86B9-F856EC792699}.Release|x64.Build.0 = Release|x64
		{D1DE19FC-0BD3-4F18-86B9-F856EC792699}.Release|x86.ActiveCfg = Release|Win32
		{D1DE19FC-0BD3-4F18-86B9-F856EC792699}.Release|x86.Build.0 = Release|Win32
		{C516F0E1-CF83-4CF9-AD3A-60ED12CB98E0}.Debug|x64.ActiveCfg = Debug|x64
		{C516F0E1-CF83-4CF9-AD3A-60ED12CB98E0}.Debug|x64.Build.0 = Debug|x64
		{C516F0E1-CF83-4CF9-AD3A-60ED12CB98E0}.Debug|x86.ActiveCfg = Debug|Win32
		{C516F0E1-CF83-4CF9-AD3A-60ED12CB98E0}.Debug|x86.Build.0 = Debug|Win32
		{C516F0E1-CF83-4CF9-AD3A-60ED12CB98E0}.Release|x64.ActiveCfg = Release|x64
		{C516F0E1-CF83-4CF9-AD3A-60ED12CB98E0}.Release|x64.Build.0 = Release|x64
		{C516F0E1-CF83-4CF9-AD3A-60ED12CB98E0}.Release|x86.ActiveCfg = Release|Win32
		{C516F0E1-CF83-4CF9-AD3A-60ED12CB98E0}.Release|x86.Build.0 = Release|Win32
		{AD78FA6A-27B1-42EA-83AE-43F554FFF6FB}.Debug|x64.ActiveCfg = Debug|x64
		{AD78FA6A-27B1-42EA-83AE-43F554FFF6FB}.Debug|x64.Build.0 = Debug|x64
		{AD78FA6A-27B1-42EA-83AE-43F554FFF6FB}.Debug|x86.ActiveCfg = Debug|Win32
		{AD78FA6A-27B1-42EA-83AE-43F554FFF6FB}.Debug|x86.Build.0 = Debug|Win32
		{AD78FA6A-27B1-42EA-83AE-43F554FFF6FB}.Release|x64.ActiveCfg = Release|x64
		{AD78FA6A-27B1-42EA-83AE-43F554FFF6FB}.Release|x64.Build.0 = Release|x64
		{AD78FA6A-27B1-42EA-83AE-43F554FFF6FB}.Release|x86.ActiveCfg = Release|Win32
		{AD78FA6A-27B1-42EA-83AE-43F554FFF6FB}.Release|x86.Build.0 = Release|Win32
		{4CAF3344-F5A8-48AA-BBA8-6B483A55F44E}.Debug|x64.ActiveCfg = Debug|x64
		{4CAF3344-F5A8-48AA-BBA8-6B483A55F44E}.Debug|x64.Build.0 = Debug|x64
		{4CAF3344-F5A8-48AA-BBA8-6B483A55F44E}.Debug|x86.ActiveCfg = Debug|Win32
		{4CAF3344-F5A8-48AA-BBA8-6B483A55F44E}.Debug|x86.Build.0 = Debug|Win32
		{4CAF3344-F5A8-48AA-BBA8-6B483A55F44E}.Release|x64.ActiveCfg = Release|x64
		{4CAF3344-F5A8-48AA-BBA8-6B483A55F44E}.Release|x64.Build.0 = Release|x64
		{4CAF3344-F5A8-48AA-BBA8-6B483A55F44E}.Release|x86.ActiveCfg = Release|Win32
		{4CAF3344-F5A8-48AA-BBA8-6B483A55F44E}.Release|x86.Build.0 = Release|Win32
		{C4A51BFB-083A-4EB6-A3DB-F698155A5651}.Debug|x64.ActiveCfg = Debug|x64
		{C4A51BFB-083A-4EB6-A3DB-F698155A5651}.Debug|x64.Build.0 = Debug|x64
		{C4A51BFB-083A-4EB6-A3DB-F698155A5651}.Debug|x86.ActiveCfg = Debug|Win32
		{C4A51BFB-083A-4EB6-A3DB-F698155A5651}.Debug|x86.Build.0 = Debug|Win32
		{C4A51BFB-083A-4EB6-A3DB-F698155A5651}.Release|x64.ActiveCfg = Release|x64
		{C4A51BFB-083A-4EB6-A3DB-F698155A5651}.Release|x64.Build.0 = Release|x64
		{C4A51BFB-083A-4EB6-A3DB-F698155A5651}.Release|x86.ActiveCfg = Release|Win32
		{C4A51BFB-083A-4EB6-A3DB-F698155A5651}.Release|x86.Build.0 = Release|Win32
		{6859633D-E95E-4A40-B021-F974D5282091}.Debug|x64.ActiveCfg = Debug|x64
		{6859633D-E95E-4A40-B021-F974D5282091}.Debug|x64.Build.0 = Debug|x64
		{6859633D-E95E-4A40-B021-F974D5282091}.Debug|x86.ActiveCfg = Debug|Win32
		{6859633D-E95E-4A40-B021-F974D5282091}.Debug|x86.Build.0 = Debug|Win32
		{6859633D-E95E-4A40-B021-F974D5282091}.Release|x64.ActiveCfg = Release|x64
		{6859633D-E95E-4A40-B021-F974D5282091}.Release|x64.Build.0 = Release|x64
		{6859633D-E95E-4A40-B021-F974D5282091}.Release|x86.ActiveCfg = Release|Win32
		{6859633D-E95E-4A40-B021-F974D5282091}.Release|x86.Build.0 = Release|Win32
		{8EE03A12-2772-4826-81EE-769D6E8A08E2}.Debug|x64.ActiveCfg = Debug|x64
		{8EE03A12-2772-4826-81EE-769D6E8A08E2}.Debug|x64.Build.0 = Debug|x64
		{8EE03A12-2772-4826-81EE-769D6E8A08E2}.Debug|x86.ActiveCfg = Debug|Win32
		{8EE03A12-2772-4826-81EE-769D6E8A08E2}.Debug|x86.Build.0 = Debug|Win32
		{8EE03A12-2772-4826-81EE-769D6E8A08E2}.Release|x64.ActiveCfg = Release|x64
		{8EE03A12-2772-4826-81EE-769D6E8A08E2}.Release|x64.Build.0 = Release|x64
		{8EE03A12-2772-4826-81EE-769D6E8A08E2}.Release|x86.ActiveCfg = Release|Win32
		{8EE03A12-2772-4826-81EE-769D6E8A08E2}.Release|x86.Build.0 = Release|Win32
		{32F9B0F3-5CF0-4952-BEF5-B91C75AC2863}.Debug|x64.ActiveCfg = Debug|x64
		{32F9B0F3-5CF0-4952-BEF5-B91C75AC2863}.Debug|x64.Build.0 = Debug|x64
		{32F9B0F3-5CF0-4952-BEF5-B91C75AC2863}.Debug|x86.ActiveCfg = Debug|Win32
		{32F9B0F3-5CF0-4952-BEF5-B91C75AC2863}.Debug|x86.Build.0 = Debug|Win32
		{32F9B0F3-5CF0-4952-BEF5-B91C75AC2863}.Release|x64.ActiveCfg = Release|x64
		{32F9B0F3-5CF0-4952-BEF5-B91C75AC2863}.Release|x64.Build.0 = Release|x64
		{32F9B0F3-5CF0-4952-BEF5-B91C75AC2863}.Release|x86.ActiveCfg = Release|Win32
		{32F9B0F3-5CF0-4952-BEF5-B91C75AC2863}.Release|x86.Build.0 = Release|Win32
	EndGlobalSection
	GlobalSection(SolutionProperties) = preSolution
		HideSolutionNode = FALSE
	EndGlobalSection
	GlobalSection(ExtensibilityGlobals) = postSolution
		SolutionGuid = {EA0D9D00-567F-4DBD-9AE0-48A951453C6C}
	EndGlobalSection
EndGlobal
